
Microsoft Visual Studio Solution File, Format Version 12.00
# Visual Studio Version 17
VisualStudioVersion = 17.3.32922.545
MinimumVisualStudioVersion = 10.0.40219.1
Project("{9A19103F-16F7-4668-BE54-9A1E7A4F7556}") = "NetCoreClassLibrary", "NetCoreClassLibrary\NetCoreClassLibrary.csproj", "{ADC6A54D-3BD0-416A-BB25-7F1CA2F1B651}"
EndProject
Project("{9A19103F-16F7-4668-BE54-9A1E7A4F7556}") = "Tests", "Tests\Tests.csproj", "{9055E2E2-FD25-49FE-BDAA-116289A0D45B}"
EndProject
Project("{FAE04EC0-301F-11D3-BF4B-00C04F79EFBC}") = "Benchmarks", "Benchmarks\Benchmarks.csproj", "{324C24CC-BEE4-4A04-B78D-F73B43037CDF}"
EndProject
Global
	GlobalSection(SolutionConfigurationPlatforms) = preSolution
		Debug|Any CPU = Debug|Any CPU
		Release|Any CPU = Release|Any CPU
	EndGlobalSection
	GlobalSection(ProjectConfigurationPlatforms) = postSolution
		{ADC6A54D-3BD0-416A-BB25-7F1CA2F1B651}.Debug|Any CPU.ActiveCfg = Debug|Any CPU
		{ADC6A54D-3BD0-416A-BB25-7F1CA2F1B651}.Debug|Any CPU.Build.0 = Debug|Any CPU
		{ADC6A54D-3BD0-416A-BB25-7F1CA2F1B651}.Release|Any CPU.ActiveCfg = Release|Any CPU
		{ADC6A54D-3BD0-416A-BB25-7F1CA2F1B651}.Release|Any CPU.Build.0 = Release|Any CPU
		{9055E2E2-FD25-49FE-BDAA-116289A0D45B}.Debug|Any CPU.ActiveCfg = Debug|Any CPU
		{9055E2E2-FD25-49FE-BDAA-116289A0D45B}.Debug|Any CPU.Build.0 = Debug|Any CPU
		{9055E2E2-FD25-49FE-BDAA-116289A0D45B}.Release|Any CPU.ActiveCfg = Release|Any CPU
		{9055E2E2-FD25-49FE-BDAA-116289A0D45B}.Release|Any CPU.Build.0 = Release|Any CPU
		{324C24CC-BEE4-4A04-B78D-F73B43037CDF}.Debug|Any CPU.ActiveCfg = Debug|Any CPU
		{324C24CC-BEE4-4A04-B78D-F73B43037CDF}.Debug|Any CPU.Build.0 = Debug|Any CPU
		{324C24CC-BEE4-4A04-B78D-F73B43037CDF}.Release|Any CPU.ActiveCfg = Release|Any CPU
		{324C24CC-BEE4-4A04-B78D-F73B43037CDF}.Release|Any CPU.Build.0 = Release|Any CPU
	EndGlobalSection
	GlobalSection(SolutionProperties) = preSolution
		HideSolutionNode = FALSE
	EndGlobalSection
	GlobalSection(ExtensibilityGlobals) = postSolution
		SolutionGuid = {6FA526C6-EED7-4147-BC10-F5EFDEB114F9}
	EndGlobalSection
EndGlobal
